// !$*UTF8*$!
{
	archiveVersion = 1;
	classes = {
	};
	objectVersion = 46;
	objects = {

/* Begin PBXBuildFile section */
		65243A6E1DAB167100AB7BED /* AppDelegate.swift in Sources */ = {isa = PBXBuildFile; fileRef = 65243A6D1DAB167100AB7BED /* AppDelegate.swift */; };
		65243A701DAB167100AB7BED /* ViewController.swift in Sources */ = {isa = PBXBuildFile; fileRef = 65243A6F1DAB167100AB7BED /* ViewController.swift */; };
		65243A731DAB167100AB7BED /* Main.storyboard in Resources */ = {isa = PBXBuildFile; fileRef = 65243A711DAB167100AB7BED /* Main.storyboard */; };
		65243A751DAB167100AB7BED /* Assets.xcassets in Resources */ = {isa = PBXBuildFile; fileRef = 65243A741DAB167100AB7BED /* Assets.xcassets */; };
		65243A781DAB167100AB7BED /* LaunchScreen.storyboard in Resources */ = {isa = PBXBuildFile; fileRef = 65243A761DAB167100AB7BED /* LaunchScreen.storyboard */; };
		65243A831DAB167100AB7BED /* Sketchily_iOSTests.swift in Sources */ = {isa = PBXBuildFile; fileRef = 65243A821DAB167100AB7BED /* Sketchily_iOSTests.swift */; };
		65243A8E1DAB167100AB7BED /* Sketchily_iOSUITests.swift in Sources */ = {isa = PBXBuildFile; fileRef = 65243A8D1DAB167100AB7BED /* Sketchily_iOSUITests.swift */; };
		D8CCB35EE8FD607D224F9E42 /* libPods-Sketchily-iOS.a in Frameworks */ = {isa = PBXBuildFile; fileRef = 8C88D5889465CAD4ED0E9D74 /* libPods-Sketchily-iOS.a */; };
/* End PBXBuildFile section */

/* Begin PBXContainerItemProxy section */
		65243A7F1DAB167100AB7BED /* PBXContainerItemProxy */ = {
			isa = PBXContainerItemProxy;
			containerPortal = 65243A621DAB167100AB7BED /* Project object */;
			proxyType = 1;
			remoteGlobalIDString = 65243A691DAB167100AB7BED;
			remoteInfo = "Sketchily-iOS";
		};
		65243A8A1DAB167100AB7BED /* PBXContainerItemProxy */ = {
			isa = PBXContainerItemProxy;
			containerPortal = 65243A621DAB167100AB7BED /* Project object */;
			proxyType = 1;
			remoteGlobalIDString = 65243A691DAB167100AB7BED;
			remoteInfo = "Sketchily-iOS";
		};
/* End PBXContainerItemProxy section */

/* Begin PBXFileReference section */
		27D8CDCFC0F3F44ED788B8B0 /* Pods-Sketchily-iOS.release.xcconfig */ = {isa = PBXFileReference; includeInIndex = 1; lastKnownFileType = text.xcconfig; name = "Pods-Sketchily-iOS.release.xcconfig"; path = "Pods/Target Support Files/Pods-Sketchily-iOS/Pods-Sketchily-iOS.release.xcconfig"; sourceTree = "<group>"; };
		65243A6A1DAB167100AB7BED /* Sketchily-iOS.app */ = {isa = PBXFileReference; explicitFileType = wrapper.application; includeInIndex = 0; path = "Sketchily-iOS.app"; sourceTree = BUILT_PRODUCTS_DIR; };
		65243A6D1DAB167100AB7BED /* AppDelegate.swift */ = {isa = PBXFileReference; lastKnownFileType = sourcecode.swift; path = AppDelegate.swift; sourceTree = "<group>"; };
		65243A6F1DAB167100AB7BED /* ViewController.swift */ = {isa = PBXFileReference; lastKnownFileType = sourcecode.swift; path = ViewController.swift; sourceTree = "<group>"; };
		65243A721DAB167100AB7BED /* Base */ = {isa = PBXFileReference; lastKnownFileType = file.storyboard; name = Base; path = Base.lproj/Main.storyboard; sourceTree = "<group>"; };
		65243A741DAB167100AB7BED /* Assets.xcassets */ = {isa = PBXFileReference; lastKnownFileType = folder.assetcatalog; path = Assets.xcassets; sourceTree = "<group>"; };
		65243A771DAB167100AB7BED /* Base */ = {isa = PBXFileReference; lastKnownFileType = file.storyboard; name = Base; path = Base.lproj/LaunchScreen.storyboard; sourceTree = "<group>"; };
		65243A791DAB167100AB7BED /* Info.plist */ = {isa = PBXFileReference; lastKnownFileType = text.plist.xml; path = Info.plist; sourceTree = "<group>"; };
		65243A7E1DAB167100AB7BED /* Sketchily-iOSTests.xctest */ = {isa = PBXFileReference; explicitFileType = wrapper.cfbundle; includeInIndex = 0; path = "Sketchily-iOSTests.xctest"; sourceTree = BUILT_PRODUCTS_DIR; };
		65243A821DAB167100AB7BED /* Sketchily_iOSTests.swift */ = {isa = PBXFileReference; lastKnownFileType = sourcecode.swift; path = Sketchily_iOSTests.swift; sourceTree = "<group>"; };
		65243A841DAB167100AB7BED /* Info.plist */ = {isa = PBXFileReference; lastKnownFileType = text.plist.xml; path = Info.plist; sourceTree = "<group>"; };
		65243A891DAB167100AB7BED /* Sketchily-iOSUITests.xctest */ = {isa = PBXFileReference; explicitFileType = wrapper.cfbundle; includeInIndex = 0; path = "Sketchily-iOSUITests.xctest"; sourceTree = BUILT_PRODUCTS_DIR; };
		65243A8D1DAB167100AB7BED /* Sketchily_iOSUITests.swift */ = {isa = PBXFileReference; lastKnownFileType = sourcecode.swift; path = Sketchily_iOSUITests.swift; sourceTree = "<group>"; };
		65243A8F1DAB167100AB7BED /* Info.plist */ = {isa = PBXFileReference; lastKnownFileType = text.plist.xml; path = Info.plist; sourceTree = "<group>"; };
		8C88D5889465CAD4ED0E9D74 /* libPods-Sketchily-iOS.a */ = {isa = PBXFileReference; explicitFileType = archive.ar; includeInIndex = 0; path = "libPods-Sketchily-iOS.a"; sourceTree = BUILT_PRODUCTS_DIR; };
		AD1DB03B10048C1A880D2D8A /* Pods-Sketchily-iOS.debug.xcconfig */ = {isa = PBXFileReference; includeInIndex = 1; lastKnownFileType = text.xcconfig; name = "Pods-Sketchily-iOS.debug.xcconfig"; path = "Pods/Target Support Files/Pods-Sketchily-iOS/Pods-Sketchily-iOS.debug.xcconfig"; sourceTree = "<group>"; };
/* End PBXFileReference section */

/* Begin PBXFrameworksBuildPhase section */
		65243A671DAB167100AB7BED /* Frameworks */ = {
			isa = PBXFrameworksBuildPhase;
			buildActionMask = 2147483647;
			files = (
				D8CCB35EE8FD607D224F9E42 /* libPods-Sketchily-iOS.a in Frameworks */,
			);
			runOnlyForDeploymentPostprocessing = 0;
		};
		65243A7B1DAB167100AB7BED /* Frameworks */ = {
			isa = PBXFrameworksBuildPhase;
			buildActionMask = 2147483647;
			files = (
			);
			runOnlyForDeploymentPostprocessing = 0;
		};
		65243A861DAB167100AB7BED /* Frameworks */ = {
			isa = PBXFrameworksBuildPhase;
			buildActionMask = 2147483647;
			files = (
			);
			runOnlyForDeploymentPostprocessing = 0;
		};
/* End PBXFrameworksBuildPhase section */

/* Begin PBXGroup section */
		65243A611DAB167100AB7BED = {
			isa = PBXGroup;
			children = (
				65243A6C1DAB167100AB7BED /* Sketchily-iOS */,
				65243A811DAB167100AB7BED /* Sketchily-iOSTests */,
				65243A8C1DAB167100AB7BED /* Sketchily-iOSUITests */,
				65243A6B1DAB167100AB7BED /* Products */,
				C03C23DE1D0F11D3A5B3E683 /* Pods */,
				7AC6C098F3C6E3FED0D47DF3 /* Frameworks */,
			);
			sourceTree = "<group>";
		};
		65243A6B1DAB167100AB7BED /* Products */ = {
			isa = PBXGroup;
			children = (
				65243A6A1DAB167100AB7BED /* Sketchily-iOS.app */,
				65243A7E1DAB167100AB7BED /* Sketchily-iOSTests.xctest */,
				65243A891DAB167100AB7BED /* Sketchily-iOSUITests.xctest */,
			);
			name = Products;
			sourceTree = "<group>";
		};
		65243A6C1DAB167100AB7BED /* Sketchily-iOS */ = {
			isa = PBXGroup;
			children = (
				65243A6D1DAB167100AB7BED /* AppDelegate.swift */,
				65243A6F1DAB167100AB7BED /* ViewController.swift */,
				65243A711DAB167100AB7BED /* Main.storyboard */,
				65243A741DAB167100AB7BED /* Assets.xcassets */,
				65243A761DAB167100AB7BED /* LaunchScreen.storyboard */,
				65243A791DAB167100AB7BED /* Info.plist */,
			);
			path = "Sketchily-iOS";
			sourceTree = "<group>";
		};
		65243A811DAB167100AB7BED /* Sketchily-iOSTests */ = {
			isa = PBXGroup;
			children = (
				65243A821DAB167100AB7BED /* Sketchily_iOSTests.swift */,
				65243A841DAB167100AB7BED /* Info.plist */,
			);
			path = "Sketchily-iOSTests";
			sourceTree = "<group>";
		};
		65243A8C1DAB167100AB7BED /* Sketchily-iOSUITests */ = {
			isa = PBXGroup;
			children = (
				65243A8D1DAB167100AB7BED /* Sketchily_iOSUITests.swift */,
				65243A8F1DAB167100AB7BED /* Info.plist */,
			);
			path = "Sketchily-iOSUITests";
			sourceTree = "<group>";
		};
		7AC6C098F3C6E3FED0D47DF3 /* Frameworks */ = {
			isa = PBXGroup;
			children = (
				8C88D5889465CAD4ED0E9D74 /* libPods-Sketchily-iOS.a */,
			);
			name = Frameworks;
			sourceTree = "<group>";
		};
		C03C23DE1D0F11D3A5B3E683 /* Pods */ = {
			isa = PBXGroup;
			children = (
				AD1DB03B10048C1A880D2D8A /* Pods-Sketchily-iOS.debug.xcconfig */,
				27D8CDCFC0F3F44ED788B8B0 /* Pods-Sketchily-iOS.release.xcconfig */,
			);
			name = Pods;
			sourceTree = "<group>";
		};
/* End PBXGroup section */

/* Begin PBXNativeTarget section */
		65243A691DAB167100AB7BED /* Sketchily-iOS */ = {
			isa = PBXNativeTarget;
			buildConfigurationList = 65243A921DAB167100AB7BED /* Build configuration list for PBXNativeTarget "Sketchily-iOS" */;
			buildPhases = (
				06DB3C5F74F2E34FF124CE89 /* [CP] Check Pods Manifest.lock */,
				65243A661DAB167100AB7BED /* Sources */,
				65243A671DAB167100AB7BED /* Frameworks */,
				65243A681DAB167100AB7BED /* Resources */,
				F69A23A780AF1773A0AA4A60 /* [CP] Embed Pods Frameworks */,
				7DF1D4119BAB470F5A8B061D /* [CP] Copy Pods Resources */,
			);
			buildRules = (
			);
			dependencies = (
			);
			name = "Sketchily-iOS";
			productName = "Sketchily-iOS";
			productReference = 65243A6A1DAB167100AB7BED /* Sketchily-iOS.app */;
			productType = "com.apple.product-type.application";
		};
		65243A7D1DAB167100AB7BED /* Sketchily-iOSTests */ = {
			isa = PBXNativeTarget;
			buildConfigurationList = 65243A951DAB167100AB7BED /* Build configuration list for PBXNativeTarget "Sketchily-iOSTests" */;
			buildPhases = (
				65243A7A1DAB167100AB7BED /* Sources */,
				65243A7B1DAB167100AB7BED /* Frameworks */,
				65243A7C1DAB167100AB7BED /* Resources */,
			);
			buildRules = (
			);
			dependencies = (
				65243A801DAB167100AB7BED /* PBXTargetDependency */,
			);
			name = "Sketchily-iOSTests";
			productName = "Sketchily-iOSTests";
			productReference = 65243A7E1DAB167100AB7BED /* Sketchily-iOSTests.xctest */;
			productType = "com.apple.product-type.bundle.unit-test";
		};
		65243A881DAB167100AB7BED /* Sketchily-iOSUITests */ = {
			isa = PBXNativeTarget;
			buildConfigurationList = 65243A981DAB167100AB7BED /* Build configuration list for PBXNativeTarget "Sketchily-iOSUITests" */;
			buildPhases = (
				65243A851DAB167100AB7BED /* Sources */,
				65243A861DAB167100AB7BED /* Frameworks */,
				65243A871DAB167100AB7BED /* Resources */,
			);
			buildRules = (
			);
			dependencies = (
				65243A8B1DAB167100AB7BED /* PBXTargetDependency */,
			);
			name = "Sketchily-iOSUITests";
			productName = "Sketchily-iOSUITests";
			productReference = 65243A891DAB167100AB7BED /* Sketchily-iOSUITests.xctest */;
			productType = "com.apple.product-type.bundle.ui-testing";
		};
/* End PBXNativeTarget section */

/* Begin PBXProject section */
		65243A621DAB167100AB7BED /* Project object */ = {
			isa = PBXProject;
			attributes = {
				LastSwiftUpdateCheck = 0730;
				LastUpgradeCheck = 0730;
				ORGANIZATIONNAME = binaryswitch;
				TargetAttributes = {
					65243A691DAB167100AB7BED = {
						CreatedOnToolsVersion = 7.3.1;
					};
					65243A7D1DAB167100AB7BED = {
						CreatedOnToolsVersion = 7.3.1;
						TestTargetID = 65243A691DAB167100AB7BED;
					};
					65243A881DAB167100AB7BED = {
						CreatedOnToolsVersion = 7.3.1;
						TestTargetID = 65243A691DAB167100AB7BED;
					};
				};
			};
			buildConfigurationList = 65243A651DAB167100AB7BED /* Build configuration list for PBXProject "Sketchily-iOS" */;
			compatibilityVersion = "Xcode 3.2";
			developmentRegion = English;
			hasScannedForEncodings = 0;
			knownRegions = (
				en,
				Base,
			);
			mainGroup = 65243A611DAB167100AB7BED;
			productRefGroup = 65243A6B1DAB167100AB7BED /* Products */;
			projectDirPath = "";
			projectRoot = "";
			targets = (
				65243A691DAB167100AB7BED /* Sketchily-iOS */,
				65243A7D1DAB167100AB7BED /* Sketchily-iOSTests */,
				65243A881DAB167100AB7BED /* Sketchily-iOSUITests */,
			);
		};
/* End PBXProject section */

/* Begin PBXResourcesBuildPhase section */
		65243A681DAB167100AB7BED /* Resources */ = {
			isa = PBXResourcesBuildPhase;
			buildActionMask = 2147483647;
			files = (
				65243A781DAB167100AB7BED /* LaunchScreen.storyboard in Resources */,
				65243A751DAB167100AB7BED /* Assets.xcassets in Resources */,
				65243A731DAB167100AB7BED /* Main.storyboard in Resources */,
			);
			runOnlyForDeploymentPostprocessing = 0;
		};
		65243A7C1DAB167100AB7BED /* Resources */ = {
			isa = PBXResourcesBuildPhase;
			buildActionMask = 2147483647;
			files = (
			);
			runOnlyForDeploymentPostprocessing = 0;
		};
		65243A871DAB167100AB7BED /* Resources */ = {
			isa = PBXResourcesBuildPhase;
			buildActionMask = 2147483647;
			files = (
			);
			runOnlyForDeploymentPostprocessing = 0;
		};
/* End PBXResourcesBuildPhase section */

/* Begin PBXShellScriptBuildPhase section */
		06DB3C5F74F2E34FF124CE89 /* [CP] Check Pods Manifest.lock */ = {
			isa = PBXShellScriptBuildPhase;
			buildActionMask = 2147483647;
			files = (
			);
			inputPaths = (
			);
			name = "[CP] Check Pods Manifest.lock";
			outputPaths = (
			);
			runOnlyForDeploymentPostprocessing = 0;
			shellPath = /bin/sh;
			shellScript = "diff \"${PODS_ROOT}/../Podfile.lock\" \"${PODS_ROOT}/Manifest.lock\" > /dev/null\nif [[ $? != 0 ]] ; then\n    cat << EOM\nerror: The sandbox is not in sync with the Podfile.lock. Run 'pod install' or update your CocoaPods installation.\nEOM\n    exit 1\nfi\n";
			showEnvVarsInLog = 0;
		};
		7DF1D4119BAB470F5A8B061D /* [CP] Copy Pods Resources */ = {
			isa = PBXShellScriptBuildPhase;
			buildActionMask = 2147483647;
			files = (
			);
			inputPaths = (
			);
			name = "[CP] Copy Pods Resources";
			outputPaths = (
			);
			runOnlyForDeploymentPostprocessing = 0;
			shellPath = /bin/sh;
			shellScript = "\"${SRCROOT}/Pods/Target Support Files/Pods-Sketchily-iOS/Pods-Sketchily-iOS-resources.sh\"\n";
			showEnvVarsInLog = 0;
		};
		F69A23A780AF1773A0AA4A60 /* [CP] Embed Pods Frameworks */ = {
			isa = PBXShellScriptBuildPhase;
			buildActionMask = 2147483647;
			files = (
			);
			inputPaths = (
			);
			name = "[CP] Embed Pods Frameworks";
			outputPaths = (
			);
			runOnlyForDeploymentPostprocessing = 0;
			shellPath = /bin/sh;
			shellScript = "\"${SRCROOT}/Pods/Target Support Files/Pods-Sketchily-iOS/Pods-Sketchily-iOS-frameworks.sh\"\n";
			showEnvVarsInLog = 0;
		};
/* End PBXShellScriptBuildPhase section */

/* Begin PBXSourcesBuildPhase section */
		65243A661DAB167100AB7BED /* Sources */ = {
			isa = PBXSourcesBuildPhase;
			buildActionMask = 2147483647;
			files = (
				65243A701DAB167100AB7BED /* ViewController.swift in Sources */,
				65243A6E1DAB167100AB7BED /* AppDelegate.swift in Sources */,
			);
			runOnlyForDeploymentPostprocessing = 0;
		};
		65243A7A1DAB167100AB7BED /* Sources */ = {
			isa = PBXSourcesBuildPhase;
			buildActionMask = 2147483647;
			files = (
				65243A831DAB167100AB7BED /* Sketchily_iOSTests.swift in Sources */,
			);
			runOnlyForDeploymentPostprocessing = 0;
		};
		65243A851DAB167100AB7BED /* Sources */ = {
			isa = PBXSourcesBuildPhase;
			buildActionMask = 2147483647;
			files = (
				65243A8E1DAB167100AB7BED /* Sketchily_iOSUITests.swift in Sources */,
			);
			runOnlyForDeploymentPostprocessing = 0;
		};
/* End PBXSourcesBuildPhase section */

/* Begin PBXTargetDependency section */
		65243A801DAB167100AB7BED /* PBXTargetDependency */ = {
			isa = PBXTargetDependency;
			target = 65243A691DAB167100AB7BED /* Sketchily-iOS */;
			targetProxy = 65243A7F1DAB167100AB7BED /* PBXContainerItemProxy */;
		};
		65243A8B1DAB167100AB7BED /* PBXTargetDependency */ = {
			isa = PBXTargetDependency;
			target = 65243A691DAB167100AB7BED /* Sketchily-iOS */;
			targetProxy = 65243A8A1DAB167100AB7BED /* PBXContainerItemProxy */;
		};
/* End PBXTargetDependency section */

/* Begin PBXVariantGroup section */
		65243A711DAB167100AB7BED /* Main.storyboard */ = {
			isa = PBXVariantGroup;
			children = (
				65243A721DAB167100AB7BED /* Base */,
			);
			name = Main.storyboard;
			sourceTree = "<group>";
		};
		65243A761DAB167100AB7BED /* LaunchScreen.storyboard */ = {
			isa = PBXVariantGroup;
			children = (
				65243A771DAB167100AB7BED /* Base */,
			);
			name = LaunchScreen.storyboard;
			sourceTree = "<group>";
		};
/* End PBXVariantGroup section */

/* Begin XCBuildConfiguration section */
		65243A901DAB167100AB7BED /* Debug */ = {
			isa = XCBuildConfiguration;
			buildSettings = {
				ALWAYS_SEARCH_USER_PATHS = NO;
				CLANG_ANALYZER_NONNULL = YES;
				CLANG_CXX_LANGUAGE_STANDARD = "gnu++0x";
				CLANG_CXX_LIBRARY = "libc++";
				CLANG_ENABLE_MODULES = YES;
				CLANG_ENABLE_OBJC_ARC = YES;
				CLANG_WARN_BOOL_CONVERSION = YES;
				CLANG_WARN_CONSTANT_CONVERSION = YES;
				CLANG_WARN_DIRECT_OBJC_ISA_USAGE = YES_ERROR;
				CLANG_WARN_EMPTY_BODY = YES;
				CLANG_WARN_ENUM_CONVERSION = YES;
				CLANG_WARN_INT_CONVERSION = YES;
				CLANG_WARN_OBJC_ROOT_CLASS = YES_ERROR;
				CLANG_WARN_UNREACHABLE_CODE = YES;
				CLANG_WARN__DUPLICATE_METHOD_MATCH = YES;
				"CODE_SIGN_IDENTITY[sdk=iphoneos*]" = "iPhone Developer";
				COPY_PHASE_STRIP = NO;
				DEBUG_INFORMATION_FORMAT = dwarf;
				ENABLE_STRICT_OBJC_MSGSEND = YES;
				ENABLE_TESTABILITY = YES;
				GCC_C_LANGUAGE_STANDARD = gnu99;
				GCC_DYNAMIC_NO_PIC = NO;
				GCC_NO_COMMON_BLOCKS = YES;
				GCC_OPTIMIZATION_LEVEL = 0;
				GCC_PREPROCESSOR_DEFINITIONS = (
					"DEBUG=1",
					"$(inherited)",
				);
				GCC_WARN_64_TO_32_BIT_CONVERSION = YES;
				GCC_WARN_ABOUT_RETURN_TYPE = YES_ERROR;
				GCC_WARN_UNDECLARED_SELECTOR = YES;
				GCC_WARN_UNINITIALIZED_AUTOS = YES_AGGRESSIVE;
				GCC_WARN_UNUSED_FUNCTION = YES;
				GCC_WARN_UNUSED_VARIABLE = YES;
				IPHONEOS_DEPLOYMENT_TARGET = 9.3;
				MTL_ENABLE_DEBUG_INFO = YES;
				ONLY_ACTIVE_ARCH = YES;
				SDKROOT = iphoneos;
				SWIFT_OPTIMIZATION_LEVEL = "-Onone";
			};
			name = Debug;
		};
		65243A911DAB167100AB7BED /* Release */ = {
			isa = XCBuildConfiguration;
			buildSettings = {
				ALWAYS_SEARCH_USER_PATHS = NO;
				CLANG_ANALYZER_NONNULL = YES;
				CLANG_CXX_LANGUAGE_STANDARD = "gnu++0x";
				CLANG_CXX_LIBRARY = "libc++";
				CLANG_ENABLE_MODULES = YES;
				CLANG_ENABLE_OBJC_ARC = YES;
				CLANG_WARN_BOOL_CONVERSION = YES;
				CLANG_WARN_CONSTANT_CONVERSION = YES;
				CLANG_WARN_DIRECT_OBJC_ISA_USAGE = YES_ERROR;
				CLANG_WARN_EMPTY_BODY = YES;
				CLANG_WARN_ENUM_CONVERSION = YES;
				CLANG_WARN_INT_CONVERSION = YES;
				CLANG_WARN_OBJC_ROOT_CLASS = YES_ERROR;
				CLANG_WARN_UNREACHABLE_CODE = YES;
				CLANG_WARN__DUPLICATE_METHOD_MATCH = YES;
				"CODE_SIGN_IDENTITY[sdk=iphoneos*]" = "iPhone Developer";
				COPY_PHASE_STRIP = NO;
				DEBUG_INFORMATION_FORMAT = "dwarf-with-dsym";
				ENABLE_NS_ASSERTIONS = NO;
				ENABLE_STRICT_OBJC_MSGSEND = YES;
				GCC_C_LANGUAGE_STANDARD = gnu99;
				GCC_NO_COMMON_BLOCKS = YES;
				GCC_WARN_64_TO_32_BIT_CONVERSION = YES;
				GCC_WARN_ABOUT_RETURN_TYPE = YES_ERROR;
				GCC_WARN_UNDECLARED_SELECTOR = YES;
				GCC_WARN_UNINITIALIZED_AUTOS = YES_AGGRESSIVE;
				GCC_WARN_UNUSED_FUNCTION = YES;
				GCC_WARN_UNUSED_VARIABLE = YES;
				IPHONEOS_DEPLOYMENT_TARGET = 9.3;
				MTL_ENABLE_DEBUG_INFO = NO;
				SDKROOT = iphoneos;
				VALIDATE_PRODUCT = YES;
			};
			name = Release;
		};
		65243A931DAB167100AB7BED /* Debug */ = {
			isa = XCBuildConfiguration;
			baseConfigurationReference = AD1DB03B10048C1A880D2D8A /* Pods-Sketchily-iOS.debug.xcconfig */;
			buildSettings = {
				ASSETCATALOG_COMPILER_APPICON_NAME = AppIcon;
				INFOPLIST_FILE = "Sketchily-iOS/Info.plist";
				LD_RUNPATH_SEARCH_PATHS = "$(inherited) @executable_path/Frameworks";
				PRODUCT_BUNDLE_IDENTIFIER = "com.binaryswitch.Sketchily-iOS";
				PRODUCT_NAME = "$(TARGET_NAME)";
			};
			name = Debug;
		};
		65243A941DAB167100AB7BED /* Release */ = {
			isa = XCBuildConfiguration;
			baseConfigurationReference = 27D8CDCFC0F3F44ED788B8B0 /* Pods-Sketchily-iOS.release.xcconfig */;
			buildSettings = {
				ASSETCATALOG_COMPILER_APPICON_NAME = AppIcon;
				INFOPLIST_FILE = "Sketchily-iOS/Info.plist";
				LD_RUNPATH_SEARCH_PATHS = "$(inherited) @executable_path/Frameworks";
				PRODUCT_BUNDLE_IDENTIFIER = "com.binaryswitch.Sketchily-iOS";
				PRODUCT_NAME = "$(TARGET_NAME)";
			};
			name = Release;
		};
		65243A961DAB167100AB7BED /* Debug */ = {
			isa = XCBuildConfiguration;
			buildSettings = {
				BUNDLE_LOADER = "$(TEST_HOST)";
				INFOPLIST_FILE = "Sketchily-iOSTests/Info.plist";
				LD_RUNPATH_SEARCH_PATHS = "$(inherited) @executable_path/Frameworks @loader_path/Frameworks";
				PRODUCT_BUNDLE_IDENTIFIER = "com.binaryswitch.Sketchily-iOSTests";
				PRODUCT_NAME = "$(TARGET_NAME)";
				TEST_HOST = "$(BUILT_PRODUCTS_DIR)/Sketchily-iOS.app/Sketchily-iOS";
			};
			name = Debug;
		};
		65243A971DAB167100AB7BED /* Release */ = {
			isa = XCBuildConfiguration;
			buildSettings = {
				BUNDLE_LOADER = "$(TEST_HOST)";
				INFOPLIST_FILE = "Sketchily-iOSTests/Info.plist";
				LD_RUNPATH_SEARCH_PATHS = "$(inherited) @executable_path/Frameworks @loader_path/Frameworks";
				PRODUCT_BUNDLE_IDENTIFIER = "com.binaryswitch.Sketchily-iOSTests";
				PRODUCT_NAME = "$(TARGET_NAME)";
				TEST_HOST = "$(BUILT_PRODUCTS_DIR)/Sketchily-iOS.app/Sketchily-iOS";
			};
			name = Release;
		};
		65243A991DAB167100AB7BED /* Debug */ = {
			isa = XCBuildConfiguration;
			buildSettings = {
				INFOPLIST_FILE = "Sketchily-iOSUITests/Info.plist";
				LD_RUNPATH_SEARCH_PATHS = "$(inherited) @executable_path/Frameworks @loader_path/Frameworks";
				PRODUCT_BUNDLE_IDENTIFIER = "com.binaryswitch.Sketchily-iOSUITests";
				PRODUCT_NAME = "$(TARGET_NAME)";
				TEST_TARGET_NAME = "Sketchily-iOS";
			};
			name = Debug;
		};
		65243A9A1DAB167100AB7BED /* Release */ = {
			isa = XCBuildConfiguration;
			buildSettings = {
				INFOPLIST_FILE = "Sketchily-iOSUITests/Info.plist";
				LD_RUNPATH_SEARCH_PATHS = "$(inherited) @executable_path/Frameworks @loader_path/Frameworks";
				PRODUCT_BUNDLE_IDENTIFIER = "com.binaryswitch.Sketchily-iOSUITests";
				PRODUCT_NAME = "$(TARGET_NAME)";
				TEST_TARGET_NAME = "Sketchily-iOS";
			};
			name = Release;
		};
/* End XCBuildConfiguration section */

/* Begin XCConfigurationList section */
		65243A651DAB167100AB7BED /* Build configuration list for PBXProject "Sketchily-iOS" */ = {
			isa = XCConfigurationList;
			buildConfigurations = (
				65243A901DAB167100AB7BED /* Debug */,
				65243A911DAB167100AB7BED /* Release */,
			);
			defaultConfigurationIsVisible = 0;
			defaultConfigurationName = Release;
		};
		65243A921DAB167100AB7BED /* Build configuration list for PBXNativeTarget "Sketchily-iOS" */ = {
			isa = XCConfigurationList;
			buildConfigurations = (
				65243A931DAB167100AB7BED /* Debug */,
				65243A941DAB167100AB7BED /* Release */,
			);
			defaultConfigurationIsVisible = 0;
			defaultConfigurationName = Release;
		};
		65243A951DAB167100AB7BED /* Build configuration list for PBXNativeTarget "Sketchily-iOSTests" */ = {
			isa = XCConfigurationList;
			buildConfigurations = (
				65243A961DAB167100AB7BED /* Debug */,
				65243A971DAB167100AB7BED /* Release */,
			);
			defaultConfigurationIsVisible = 0;
			defaultConfigurationName = Release;
		};
		65243A981DAB167100AB7BED /* Build configuration list for PBXNativeTarget "Sketchily-iOSUITests" */ = {
			isa = XCConfigurationList;
			buildConfigurations = (
				65243A991DAB167100AB7BED /* Debug */,
				65243A9A1DAB167100AB7BED /* Release */,
			);
			defaultConfigurationIsVisible = 0;
			defaultConfigurationName = Release;
		};
/* End XCConfigurationList section */
	};
	rootObject = 65243A621DAB167100AB7BED /* Project object */;
}
